<Solution>
  <Folder Name="/docs/">
    <File Path="docs/email-and-storage-setup.md" />
    <File Path="docs/follow-on implementation-prompt.md" />
    <File Path="docs/follow-on requirements.md" />
    <File Path="docs/google-auth-setup.md" />
    <File Path="docs/implementation-prompt.md" />
    <File Path="docs/Initial Specs to Model.txt" />
    <File Path="Notes.txt" />
  </Folder>
  <Folder Name="/docs/source of truth/">
    <File Path="docs/architecture.md" />
    <File Path="docs/requirements.md" />
    <File Path="docs/storage-entities.md" />
    <File Path="docs/ui-specifications.md" />
  </Folder>
  <Folder Name="/src/">
    <Project Path="src/ServiceBusiness.Application/ServiceBusiness.Application.csproj" />
    <Project Path="src/ServiceBusiness.Domain/ServiceBusiness.Domain.csproj" />
    <Project Path="src/ServiceBusiness.Infrastructure.AzureStorage/ServiceBusiness.Infrastructure.AzureStorage.csproj" />
    <Project Path="src/ServiceBusiness.Infrastructure.Integrations/ServiceBusiness.Infrastructure.Integrations.csproj" />
    <Project Path="src/ServiceBusiness.Web/ServiceBusiness.Web.csproj" />
  </Folder>
  <Folder Name="/tests/">
    <Project Path="tests/ServiceBusiness.Tests/ServiceBusiness.Tests.csproj" />
  </Folder>
</Solution>
