<Solution>
  <Folder Name="/docs/">
    <File Path="docs/email-and-storage-setup.md" />
    <File Path="docs/fixes.md" />
    <File Path="docs/follow-on requirements.md" />
    <File Path="docs/google-auth-setup.md" />
    <File Path="docs/implementation-prompt.md" />
    <File Path="docs/Initial Specs to Model.txt" />
    <File Path="docs/prompts.md" />
    <File Path="Notes.txt" />
  </Folder>
  <Folder Name="/docs/source of truth/">
    <File Path="docs/source of truth/architecture.md" />
    <File Path="docs/source of truth/requirements.md" />
    <File Path="docs/source of truth/storage-entities.md" />
    <File Path="docs/source of truth/ui-specifications.md" />
  </Folder>
  <Folder Name="/github actions/">
    <File Path=".github/workflows/deploy-poolshark-azure.yml" />
  </Folder>
  <Folder Name="/seed data/">
    <File Path="../../../../Downloads/Pool Equipment Seed.csv" />
    <File Path="../../../../Downloads/Pool Materials Seed.csv" />
    <File Path="../../../../Downloads/Pool Services Seed.csv" />
  </Folder>
  <Folder Name="/src/">
    <Project Path="src/ServiceBusiness.Application/ServiceBusiness.Application.csproj" />
    <Project Path="src/ServiceBusiness.Domain/ServiceBusiness.Domain.csproj" />
    <Project Path="src/ServiceBusiness.Infrastructure.AzureStorage/ServiceBusiness.Infrastructure.AzureStorage.csproj" />
    <Project Path="src/ServiceBusiness.Infrastructure.Integrations/ServiceBusiness.Infrastructure.Integrations.csproj" />
    <Project Path="src/ServiceBusiness.Web/ServiceBusiness.Web.csproj" />
  </Folder>
  <Folder Name="/tests/">
    <Project Path="tests/ServiceBusiness.Tests/ServiceBusiness.Tests.csproj" />
  </Folder>
</Solution>
